// !$*UTF8*$!
{
	archiveVersion = 1;
	classes = {
	};
	objectVersion = 55;
	objects = {

/* Begin PBXBuildFile section */
		4E2FC49E29AF96AB00D07AF7 /* GroupPlannerApp.swift in Sources */ = {isa = PBXBuildFile; fileRef = 4E2FC49D29AF96AB00D07AF7 /* GroupPlannerApp.swift */; };
		4E2FC4A029AF96AB00D07AF7 /* ContentView.swift in Sources */ = {isa = PBXBuildFile; fileRef = 4E2FC49F29AF96AB00D07AF7 /* ContentView.swift */; };
		4E2FC4A229AF96AE00D07AF7 /* Assets.xcassets in Resources */ = {isa = PBXBuildFile; fileRef = 4E2FC4A129AF96AE00D07AF7 /* Assets.xcassets */; };
		4E2FC4A529AF96AE00D07AF7 /* Preview Assets.xcassets in Resources */ = {isa = PBXBuildFile; fileRef = 4E2FC4A429AF96AE00D07AF7 /* Preview Assets.xcassets */; };
		4E2FC4AC29B0F26800D07AF7 /* GoogleService-Info.plist in Resources */ = {isa = PBXBuildFile; fileRef = 4E2FC4AB29B0F26800D07AF7 /* GoogleService-Info.plist */; };
		4E2FC4AE29B0F57800D07AF7 /* UserInfo.swift in Sources */ = {isa = PBXBuildFile; fileRef = 4E2FC4AD29B0F57800D07AF7 /* UserInfo.swift */; };
		4E2FC4B329B0F65800D07AF7 /* AuthenticationView.swift in Sources */ = {isa = PBXBuildFile; fileRef = 4E2FC4B229B0F65800D07AF7 /* AuthenticationView.swift */; };
		4E2FC4B529B0F81C00D07AF7 /* SignUpView.swift in Sources */ = {isa = PBXBuildFile; fileRef = 4E2FC4B429B0F81C00D07AF7 /* SignUpView.swift */; };
		4E2FC4B729B0F87400D07AF7 /* LoginView.swift in Sources */ = {isa = PBXBuildFile; fileRef = 4E2FC4B629B0F87400D07AF7 /* LoginView.swift */; };
		4E2FC4B929B0F8A300D07AF7 /* constants.swift in Sources */ = {isa = PBXBuildFile; fileRef = 4E2FC4B829B0F8A300D07AF7 /* constants.swift */; };
		4E2FC4BB29B0FA1100D07AF7 /* ForgotPassword.swift in Sources */ = {isa = PBXBuildFile; fileRef = 4E2FC4BA29B0FA1100D07AF7 /* ForgotPassword.swift */; };
		4E2FC4BD29B61C1C00D07AF7 /* BaseView.swift in Sources */ = {isa = PBXBuildFile; fileRef = 4E2FC4BC29B61C1C00D07AF7 /* BaseView.swift */; };
		4E2FC4BF29B61D7B00D07AF7 /* CalendarView.swift in Sources */ = {isa = PBXBuildFile; fileRef = 4E2FC4BE29B61D7B00D07AF7 /* CalendarView.swift */; };
		4E2FC4C129B61D8A00D07AF7 /* SettingsView.swift in Sources */ = {isa = PBXBuildFile; fileRef = 4E2FC4C029B61D8A00D07AF7 /* SettingsView.swift */; };
		4E2FC4C529B61DBB00D07AF7 /* CreateSurveyView.swift in Sources */ = {isa = PBXBuildFile; fileRef = 4E2FC4C429B61DBB00D07AF7 /* CreateSurveyView.swift */; };
		4E2FC4C729B6220C00D07AF7 /* FriendView.swift in Sources */ = {isa = PBXBuildFile; fileRef = 4E2FC4C629B6220C00D07AF7 /* FriendView.swift */; };
		4E35D6AA29D1D3DD00CD29D8 /* addSurveyFriends.swift in Sources */ = {isa = PBXBuildFile; fileRef = 4E35D6A929D1D3DD00CD29D8 /* addSurveyFriends.swift */; };
		4E35D6AC29D1D43600CD29D8 /* addFriendsSurvey.swift in Sources */ = {isa = PBXBuildFile; fileRef = 4E35D6AB29D1D43600CD29D8 /* addFriendsSurvey.swift */; };
		4E35D6AE29D1D5B400CD29D8 /* ImagePicker.swift in Sources */ = {isa = PBXBuildFile; fileRef = 4E35D6AD29D1D5B400CD29D8 /* ImagePicker.swift */; };
		4E35D6B029D1D78E00CD29D8 /* myFriends.swift in Sources */ = {isa = PBXBuildFile; fileRef = 4E35D6AF29D1D78D00CD29D8 /* myFriends.swift */; };
		4E5C0B8E29E32932006B1FB1 /* SurveyDetailView.swift in Sources */ = {isa = PBXBuildFile; fileRef = 4E5C0B8D29E32932006B1FB1 /* SurveyDetailView.swift */; };
		4E78D8DD29D123E400455CB0 /* DataManager.swift in Sources */ = {isa = PBXBuildFile; fileRef = 4E78D8DC29D123E400455CB0 /* DataManager.swift */; };
		6A48FD8129CC72E900710D9C /* DatePicker.swift in Sources */ = {isa = PBXBuildFile; fileRef = 6A48FD8029CC72E900710D9C /* DatePicker.swift */; };
		6AB0D72C29BF45D700CCBB9E /* Survey.swift in Sources */ = {isa = PBXBuildFile; fileRef = 6AB0D72B29BF45D700CCBB9E /* Survey.swift */; };
		6AFA51C329C2068300BFE2A2 /* Time.swift in Sources */ = {isa = PBXBuildFile; fileRef = 6AFA51C229C2068300BFE2A2 /* Time.swift */; };
		6AFA51C529C206CD00BFE2A2 /* Activities.swift in Sources */ = {isa = PBXBuildFile; fileRef = 6AFA51C429C206CD00BFE2A2 /* Activities.swift */; };
		6AFA51C729C2085400BFE2A2 /* SurveyList.swift in Sources */ = {isa = PBXBuildFile; fileRef = 6AFA51C629C2085400BFE2A2 /* SurveyList.swift */; };
		B1BB6E8E33111C368646A37D /* Pods_GroupPlanner.framework in Frameworks */ = {isa = PBXBuildFile; fileRef = 96EDDE10CA53288AD7972C25 /* Pods_GroupPlanner.framework */; };
/* End PBXBuildFile section */

/* Begin PBXFileReference section */
		4E2FC49A29AF96AB00D07AF7 /* GroupPlanner.app */ = {isa = PBXFileReference; explicitFileType = wrapper.application; includeInIndex = 0; path = GroupPlanner.app; sourceTree = BUILT_PRODUCTS_DIR; };
		4E2FC49D29AF96AB00D07AF7 /* GroupPlannerApp.swift */ = {isa = PBXFileReference; lastKnownFileType = sourcecode.swift; path = GroupPlannerApp.swift; sourceTree = "<group>"; };
		4E2FC49F29AF96AB00D07AF7 /* ContentView.swift */ = {isa = PBXFileReference; lastKnownFileType = sourcecode.swift; path = ContentView.swift; sourceTree = "<group>"; };
		4E2FC4A129AF96AE00D07AF7 /* Assets.xcassets */ = {isa = PBXFileReference; lastKnownFileType = folder.assetcatalog; path = Assets.xcassets; sourceTree = "<group>"; };
		4E2FC4A429AF96AE00D07AF7 /* Preview Assets.xcassets */ = {isa = PBXFileReference; lastKnownFileType = folder.assetcatalog; path = "Preview Assets.xcassets"; sourceTree = "<group>"; };
		4E2FC4AB29B0F26800D07AF7 /* GoogleService-Info.plist */ = {isa = PBXFileReference; fileEncoding = 4; lastKnownFileType = text.plist.xml; path = "GoogleService-Info.plist"; sourceTree = "<group>"; };
		4E2FC4AD29B0F57800D07AF7 /* UserInfo.swift */ = {isa = PBXFileReference; lastKnownFileType = sourcecode.swift; path = UserInfo.swift; sourceTree = "<group>"; };
		4E2FC4B229B0F65800D07AF7 /* AuthenticationView.swift */ = {isa = PBXFileReference; lastKnownFileType = sourcecode.swift; path = AuthenticationView.swift; sourceTree = "<group>"; };
		4E2FC4B429B0F81C00D07AF7 /* SignUpView.swift */ = {isa = PBXFileReference; lastKnownFileType = sourcecode.swift; path = SignUpView.swift; sourceTree = "<group>"; };
		4E2FC4B629B0F87400D07AF7 /* LoginView.swift */ = {isa = PBXFileReference; lastKnownFileType = sourcecode.swift; path = LoginView.swift; sourceTree = "<group>"; };
		4E2FC4B829B0F8A300D07AF7 /* constants.swift */ = {isa = PBXFileReference; lastKnownFileType = sourcecode.swift; path = constants.swift; sourceTree = "<group>"; };
		4E2FC4BA29B0FA1100D07AF7 /* ForgotPassword.swift */ = {isa = PBXFileReference; lastKnownFileType = sourcecode.swift; path = ForgotPassword.swift; sourceTree = "<group>"; };
		4E2FC4BC29B61C1C00D07AF7 /* BaseView.swift */ = {isa = PBXFileReference; lastKnownFileType = sourcecode.swift; path = BaseView.swift; sourceTree = "<group>"; };
		4E2FC4BE29B61D7B00D07AF7 /* CalendarView.swift */ = {isa = PBXFileReference; lastKnownFileType = sourcecode.swift; path = CalendarView.swift; sourceTree = "<group>"; };
		4E2FC4C029B61D8A00D07AF7 /* SettingsView.swift */ = {isa = PBXFileReference; lastKnownFileType = sourcecode.swift; path = SettingsView.swift; sourceTree = "<group>"; };
		4E2FC4C429B61DBB00D07AF7 /* CreateSurveyView.swift */ = {isa = PBXFileReference; lastKnownFileType = sourcecode.swift; path = CreateSurveyView.swift; sourceTree = "<group>"; };
		4E2FC4C629B6220C00D07AF7 /* FriendView.swift */ = {isa = PBXFileReference; lastKnownFileType = sourcecode.swift; path = FriendView.swift; sourceTree = "<group>"; };
		4E35D6A929D1D3DD00CD29D8 /* addSurveyFriends.swift */ = {isa = PBXFileReference; lastKnownFileType = sourcecode.swift; path = addSurveyFriends.swift; sourceTree = "<group>"; };
		4E35D6AB29D1D43600CD29D8 /* addFriendsSurvey.swift */ = {isa = PBXFileReference; lastKnownFileType = sourcecode.swift; path = addFriendsSurvey.swift; sourceTree = "<group>"; };
		4E35D6AD29D1D5B400CD29D8 /* ImagePicker.swift */ = {isa = PBXFileReference; fileEncoding = 4; lastKnownFileType = sourcecode.swift; path = ImagePicker.swift; sourceTree = "<group>"; };
		4E35D6AF29D1D78D00CD29D8 /* myFriends.swift */ = {isa = PBXFileReference; fileEncoding = 4; lastKnownFileType = sourcecode.swift; path = myFriends.swift; sourceTree = "<group>"; };
		4E5C0B8D29E32932006B1FB1 /* SurveyDetailView.swift */ = {isa = PBXFileReference; lastKnownFileType = sourcecode.swift; path = SurveyDetailView.swift; sourceTree = "<group>"; };
		4E78D8DC29D123E400455CB0 /* DataManager.swift */ = {isa = PBXFileReference; lastKnownFileType = sourcecode.swift; path = DataManager.swift; sourceTree = "<group>"; };
		6A48FD8029CC72E900710D9C /* DatePicker.swift */ = {isa = PBXFileReference; lastKnownFileType = sourcecode.swift; path = DatePicker.swift; sourceTree = "<group>"; };
		6AB0D72B29BF45D700CCBB9E /* Survey.swift */ = {isa = PBXFileReference; lastKnownFileType = sourcecode.swift; path = Survey.swift; sourceTree = "<group>"; };
		6AFA51C229C2068300BFE2A2 /* Time.swift */ = {isa = PBXFileReference; lastKnownFileType = sourcecode.swift; path = Time.swift; sourceTree = "<group>"; };
		6AFA51C429C206CD00BFE2A2 /* Activities.swift */ = {isa = PBXFileReference; lastKnownFileType = sourcecode.swift; path = Activities.swift; sourceTree = "<group>"; };
		6AFA51C629C2085400BFE2A2 /* SurveyList.swift */ = {isa = PBXFileReference; lastKnownFileType = sourcecode.swift; path = SurveyList.swift; sourceTree = "<group>"; };
		96EDDE10CA53288AD7972C25 /* Pods_GroupPlanner.framework */ = {isa = PBXFileReference; explicitFileType = wrapper.framework; includeInIndex = 0; path = Pods_GroupPlanner.framework; sourceTree = BUILT_PRODUCTS_DIR; };
		B5C8D53E04AAB2EFCDE6AB64 /* Pods-GroupPlanner.release.xcconfig */ = {isa = PBXFileReference; includeInIndex = 1; lastKnownFileType = text.xcconfig; name = "Pods-GroupPlanner.release.xcconfig"; path = "Target Support Files/Pods-GroupPlanner/Pods-GroupPlanner.release.xcconfig"; sourceTree = "<group>"; };
		E76571AAEAF3C6D491D2145B /* Pods-GroupPlanner.debug.xcconfig */ = {isa = PBXFileReference; includeInIndex = 1; lastKnownFileType = text.xcconfig; name = "Pods-GroupPlanner.debug.xcconfig"; path = "Target Support Files/Pods-GroupPlanner/Pods-GroupPlanner.debug.xcconfig"; sourceTree = "<group>"; };
/* End PBXFileReference section */

/* Begin PBXFrameworksBuildPhase section */
		4E2FC49729AF96AB00D07AF7 /* Frameworks */ = {
			isa = PBXFrameworksBuildPhase;
			buildActionMask = 2147483647;
			files = (
				B1BB6E8E33111C368646A37D /* Pods_GroupPlanner.framework in Frameworks */,
			);
			runOnlyForDeploymentPostprocessing = 0;
		};
/* End PBXFrameworksBuildPhase section */

/* Begin PBXGroup section */
		0044D33976D160342C1C8018 /* Frameworks */ = {
			isa = PBXGroup;
			children = (
				96EDDE10CA53288AD7972C25 /* Pods_GroupPlanner.framework */,
			);
			name = Frameworks;
			sourceTree = "<group>";
		};
		4E2FC49129AF96AB00D07AF7 = {
			isa = PBXGroup;
			children = (
				4E2FC49C29AF96AB00D07AF7 /* GroupPlanner */,
				4E2FC49B29AF96AB00D07AF7 /* Products */,
				6F28E8FEF8856B38B9C3F2A1 /* Pods */,
				0044D33976D160342C1C8018 /* Frameworks */,
			);
			sourceTree = "<group>";
		};
		4E2FC49B29AF96AB00D07AF7 /* Products */ = {
			isa = PBXGroup;
			children = (
				4E2FC49A29AF96AB00D07AF7 /* GroupPlanner.app */,
			);
			name = Products;
			sourceTree = "<group>";
		};
		4E2FC49C29AF96AB00D07AF7 /* GroupPlanner */ = {
			isa = PBXGroup;
			children = (
				4E2FC4AF29B0F59D00D07AF7 /* Authentication */,
				4E2FC4B129B0F5B700D07AF7 /* Views */,
				4E2FC4B029B0F5A800D07AF7 /* Model */,
				4E2FC4A329AF96AE00D07AF7 /* Preview Content */,
				4E2FC49D29AF96AB00D07AF7 /* GroupPlannerApp.swift */,
				4E2FC4AB29B0F26800D07AF7 /* GoogleService-Info.plist */,
				4E2FC4A129AF96AE00D07AF7 /* Assets.xcassets */,
			);
			path = GroupPlanner;
			sourceTree = "<group>";
		};
		4E2FC4A329AF96AE00D07AF7 /* Preview Content */ = {
			isa = PBXGroup;
			children = (
				4E2FC4A429AF96AE00D07AF7 /* Preview Assets.xcassets */,
			);
			path = "Preview Content";
			sourceTree = "<group>";
		};
		4E2FC4AF29B0F59D00D07AF7 /* Authentication */ = {
			isa = PBXGroup;
			children = (
				4E2FC4B229B0F65800D07AF7 /* AuthenticationView.swift */,
				4E2FC4B429B0F81C00D07AF7 /* SignUpView.swift */,
				4E2FC4B629B0F87400D07AF7 /* LoginView.swift */,
				4E2FC4BA29B0FA1100D07AF7 /* ForgotPassword.swift */,
			);
			path = Authentication;
			sourceTree = "<group>";
		};
		4E2FC4B029B0F5A800D07AF7 /* Model */ = {
			isa = PBXGroup;
			children = (
				4E2FC4AD29B0F57800D07AF7 /* UserInfo.swift */,
				4E2FC4B829B0F8A300D07AF7 /* constants.swift */,
				6AB0D72B29BF45D700CCBB9E /* Survey.swift */,
				6AFA51C229C2068300BFE2A2 /* Time.swift */,
				6AFA51C429C206CD00BFE2A2 /* Activities.swift */,
				6AFA51C629C2085400BFE2A2 /* SurveyList.swift */,
				6A48FD8029CC72E900710D9C /* DatePicker.swift */,
				4E78D8DC29D123E400455CB0 /* DataManager.swift */,
				4E35D6AD29D1D5B400CD29D8 /* ImagePicker.swift */,
				4E35D6AF29D1D78D00CD29D8 /* myFriends.swift */,
				4E35D6A929D1D3DD00CD29D8 /* addSurveyFriends.swift */,
			);
			path = Model;
			sourceTree = "<group>";
		};
		4E2FC4B129B0F5B700D07AF7 /* Views */ = {
			isa = PBXGroup;
			children = (
				4E2FC49F29AF96AB00D07AF7 /* ContentView.swift */,
				4E2FC4BC29B61C1C00D07AF7 /* BaseView.swift */,
				4E2FC4BE29B61D7B00D07AF7 /* CalendarView.swift */,
				4E2FC4C029B61D8A00D07AF7 /* SettingsView.swift */,
				4E2FC4C429B61DBB00D07AF7 /* CreateSurveyView.swift */,
				4E2FC4C629B6220C00D07AF7 /* FriendView.swift */,
				4E35D6AB29D1D43600CD29D8 /* addFriendsSurvey.swift */,
				4E5C0B8D29E32932006B1FB1 /* SurveyDetailView.swift */,
			);
			path = Views;
			sourceTree = "<group>";
		};
		6F28E8FEF8856B38B9C3F2A1 /* Pods */ = {
			isa = PBXGroup;
			children = (
				E76571AAEAF3C6D491D2145B /* Pods-GroupPlanner.debug.xcconfig */,
				B5C8D53E04AAB2EFCDE6AB64 /* Pods-GroupPlanner.release.xcconfig */,
			);
			path = Pods;
			sourceTree = "<group>";
		};
/* End PBXGroup section */

/* Begin PBXNativeTarget section */
		4E2FC49929AF96AB00D07AF7 /* GroupPlanner */ = {
			isa = PBXNativeTarget;
			buildConfigurationList = 4E2FC4A829AF96AE00D07AF7 /* Build configuration list for PBXNativeTarget "GroupPlanner" */;
			buildPhases = (
				EB6C4AE866293D2B6A3CDFF7 /* [CP] Check Pods Manifest.lock */,
				4E2FC49629AF96AB00D07AF7 /* Sources */,
				4E2FC49729AF96AB00D07AF7 /* Frameworks */,
				4E2FC49829AF96AB00D07AF7 /* Resources */,
				90D1B6BBD64E3D7DF9D83A0F /* [CP] Embed Pods Frameworks */,
			);
			buildRules = (
			);
			dependencies = (
			);
			name = GroupPlanner;
			productName = GroupPlanner;
			productReference = 4E2FC49A29AF96AB00D07AF7 /* GroupPlanner.app */;
			productType = "com.apple.product-type.application";
		};
/* End PBXNativeTarget section */

/* Begin PBXProject section */
		4E2FC49229AF96AB00D07AF7 /* Project object */ = {
			isa = PBXProject;
			attributes = {
				BuildIndependentTargetsInParallel = 1;
				LastSwiftUpdateCheck = 1340;
				LastUpgradeCheck = 1340;
				TargetAttributes = {
					4E2FC49929AF96AB00D07AF7 = {
						CreatedOnToolsVersion = 13.4.1;
					};
				};
			};
			buildConfigurationList = 4E2FC49529AF96AB00D07AF7 /* Build configuration list for PBXProject "GroupPlanner" */;
			compatibilityVersion = "Xcode 13.0";
			developmentRegion = en;
			hasScannedForEncodings = 0;
			knownRegions = (
				en,
				Base,
			);
			mainGroup = 4E2FC49129AF96AB00D07AF7;
			productRefGroup = 4E2FC49B29AF96AB00D07AF7 /* Products */;
			projectDirPath = "";
			projectRoot = "";
			targets = (
				4E2FC49929AF96AB00D07AF7 /* GroupPlanner */,
			);
		};
/* End PBXProject section */

/* Begin PBXResourcesBuildPhase section */
		4E2FC49829AF96AB00D07AF7 /* Resources */ = {
			isa = PBXResourcesBuildPhase;
			buildActionMask = 2147483647;
			files = (
				4E2FC4A529AF96AE00D07AF7 /* Preview Assets.xcassets in Resources */,
				4E2FC4A229AF96AE00D07AF7 /* Assets.xcassets in Resources */,
				4E2FC4AC29B0F26800D07AF7 /* GoogleService-Info.plist in Resources */,
			);
			runOnlyForDeploymentPostprocessing = 0;
		};
/* End PBXResourcesBuildPhase section */

/* Begin PBXShellScriptBuildPhase section */
		90D1B6BBD64E3D7DF9D83A0F /* [CP] Embed Pods Frameworks */ = {
			isa = PBXShellScriptBuildPhase;
			buildActionMask = 2147483647;
			files = (
			);
			inputFileListPaths = (
				"${PODS_ROOT}/Target Support Files/Pods-GroupPlanner/Pods-GroupPlanner-frameworks-${CONFIGURATION}-input-files.xcfilelist",
			);
			name = "[CP] Embed Pods Frameworks";
			outputFileListPaths = (
				"${PODS_ROOT}/Target Support Files/Pods-GroupPlanner/Pods-GroupPlanner-frameworks-${CONFIGURATION}-output-files.xcfilelist",
			);
			runOnlyForDeploymentPostprocessing = 0;
			shellPath = /bin/sh;
			shellScript = "\"${PODS_ROOT}/Target Support Files/Pods-GroupPlanner/Pods-GroupPlanner-frameworks.sh\"\n";
			showEnvVarsInLog = 0;
		};
		EB6C4AE866293D2B6A3CDFF7 /* [CP] Check Pods Manifest.lock */ = {
			isa = PBXShellScriptBuildPhase;
			buildActionMask = 2147483647;
			files = (
			);
			inputFileListPaths = (
			);
			inputPaths = (
				"${PODS_PODFILE_DIR_PATH}/Podfile.lock",
				"${PODS_ROOT}/Manifest.lock",
			);
			name = "[CP] Check Pods Manifest.lock";
			outputFileListPaths = (
			);
			outputPaths = (
				"$(DERIVED_FILE_DIR)/Pods-GroupPlanner-checkManifestLockResult.txt",
			);
			runOnlyForDeploymentPostprocessing = 0;
			shellPath = /bin/sh;
			shellScript = "diff \"${PODS_PODFILE_DIR_PATH}/Podfile.lock\" \"${PODS_ROOT}/Manifest.lock\" > /dev/null\nif [ $? != 0 ] ; then\n    # print error to STDERR\n    echo \"error: The sandbox is not in sync with the Podfile.lock. Run 'pod install' or update your CocoaPods installation.\" >&2\n    exit 1\nfi\n# This output is used by Xcode 'outputs' to avoid re-running this script phase.\necho \"SUCCESS\" > \"${SCRIPT_OUTPUT_FILE_0}\"\n";
			showEnvVarsInLog = 0;
		};
/* End PBXShellScriptBuildPhase section */

/* Begin PBXSourcesBuildPhase section */
		4E2FC49629AF96AB00D07AF7 /* Sources */ = {
			isa = PBXSourcesBuildPhase;
			buildActionMask = 2147483647;
			files = (
				6AFA51C529C206CD00BFE2A2 /* Activities.swift in Sources */,
				4E2FC4BF29B61D7B00D07AF7 /* CalendarView.swift in Sources */,
				4E35D6AC29D1D43600CD29D8 /* addFriendsSurvey.swift in Sources */,
				4E2FC4B729B0F87400D07AF7 /* LoginView.swift in Sources */,
				4E2FC4A029AF96AB00D07AF7 /* ContentView.swift in Sources */,
				4E5C0B8E29E32932006B1FB1 /* SurveyDetailView.swift in Sources */,
				4E2FC4B529B0F81C00D07AF7 /* SignUpView.swift in Sources */,
				4E2FC4BB29B0FA1100D07AF7 /* ForgotPassword.swift in Sources */,
				4E35D6AE29D1D5B400CD29D8 /* ImagePicker.swift in Sources */,
				4E2FC4B929B0F8A300D07AF7 /* constants.swift in Sources */,
				4E2FC4C729B6220C00D07AF7 /* FriendView.swift in Sources */,
				6AFA51C729C2085400BFE2A2 /* SurveyList.swift in Sources */,
				4E2FC4AE29B0F57800D07AF7 /* UserInfo.swift in Sources */,
				4E2FC4BD29B61C1C00D07AF7 /* BaseView.swift in Sources */,
				6AB0D72C29BF45D700CCBB9E /* Survey.swift in Sources */,
				4E35D6B029D1D78E00CD29D8 /* myFriends.swift in Sources */,
				4E2FC4C529B61DBB00D07AF7 /* CreateSurveyView.swift in Sources */,
				4E2FC4B329B0F65800D07AF7 /* AuthenticationView.swift in Sources */,
				4E78D8DD29D123E400455CB0 /* DataManager.swift in Sources */,
				4E35D6AA29D1D3DD00CD29D8 /* addSurveyFriends.swift in Sources */,
				6AFA51C329C2068300BFE2A2 /* Time.swift in Sources */,
				4E2FC49E29AF96AB00D07AF7 /* GroupPlannerApp.swift in Sources */,
				4E2FC4C129B61D8A00D07AF7 /* SettingsView.swift in Sources */,
				6A48FD8129CC72E900710D9C /* DatePicker.swift in Sources */,
			);
			runOnlyForDeploymentPostprocessing = 0;
		};
/* End PBXSourcesBuildPhase section */

/* Begin XCBuildConfiguration section */
		4E2FC4A629AF96AE00D07AF7 /* Debug */ = {
			isa = XCBuildConfiguration;
			buildSettings = {
				ALWAYS_SEARCH_USER_PATHS = NO;
				CLANG_ANALYZER_NONNULL = YES;
				CLANG_ANALYZER_NUMBER_OBJECT_CONVERSION = YES_AGGRESSIVE;
				CLANG_CXX_LANGUAGE_STANDARD = "gnu++17";
				CLANG_ENABLE_MODULES = YES;
				CLANG_ENABLE_OBJC_ARC = YES;
				CLANG_ENABLE_OBJC_WEAK = YES;
				CLANG_WARN_BLOCK_CAPTURE_AUTORELEASING = YES;
				CLANG_WARN_BOOL_CONVERSION = YES;
				CLANG_WARN_COMMA = YES;
				CLANG_WARN_CONSTANT_CONVERSION = YES;
				CLANG_WARN_DEPRECATED_OBJC_IMPLEMENTATIONS = YES;
				CLANG_WARN_DIRECT_OBJC_ISA_USAGE = YES_ERROR;
				CLANG_WARN_DOCUMENTATION_COMMENTS = YES;
				CLANG_WARN_EMPTY_BODY = YES;
				CLANG_WARN_ENUM_CONVERSION = YES;
				CLANG_WARN_INFINITE_RECURSION = YES;
				CLANG_WARN_INT_CONVERSION = YES;
				CLANG_WARN_NON_LITERAL_NULL_CONVERSION = YES;
				CLANG_WARN_OBJC_IMPLICIT_RETAIN_SELF = YES;
				CLANG_WARN_OBJC_LITERAL_CONVERSION = YES;
				CLANG_WARN_OBJC_ROOT_CLASS = YES_ERROR;
				CLANG_WARN_QUOTED_INCLUDE_IN_FRAMEWORK_HEADER = YES;
				CLANG_WARN_RANGE_LOOP_ANALYSIS = YES;
				CLANG_WARN_STRICT_PROTOTYPES = YES;
				CLANG_WARN_SUSPICIOUS_MOVE = YES;
				CLANG_WARN_UNGUARDED_AVAILABILITY = YES_AGGRESSIVE;
				CLANG_WARN_UNREACHABLE_CODE = YES;
				CLANG_WARN__DUPLICATE_METHOD_MATCH = YES;
				COPY_PHASE_STRIP = NO;
				DEBUG_INFORMATION_FORMAT = dwarf;
				ENABLE_STRICT_OBJC_MSGSEND = YES;
				ENABLE_TESTABILITY = YES;
				GCC_C_LANGUAGE_STANDARD = gnu11;
				GCC_DYNAMIC_NO_PIC = NO;
				GCC_NO_COMMON_BLOCKS = YES;
				GCC_OPTIMIZATION_LEVEL = 0;
				GCC_PREPROCESSOR_DEFINITIONS = (
					"DEBUG=1",
					"$(inherited)",
				);
				GCC_WARN_64_TO_32_BIT_CONVERSION = YES;
				GCC_WARN_ABOUT_RETURN_TYPE = YES_ERROR;
				GCC_WARN_UNDECLARED_SELECTOR = YES;
				GCC_WARN_UNINITIALIZED_AUTOS = YES_AGGRESSIVE;
				GCC_WARN_UNUSED_FUNCTION = YES;
				GCC_WARN_UNUSED_VARIABLE = YES;
				IPHONEOS_DEPLOYMENT_TARGET = 15.5;
				MTL_ENABLE_DEBUG_INFO = INCLUDE_SOURCE;
				MTL_FAST_MATH = YES;
				ONLY_ACTIVE_ARCH = YES;
				SDKROOT = iphoneos;
				SWIFT_ACTIVE_COMPILATION_CONDITIONS = DEBUG;
				SWIFT_OPTIMIZATION_LEVEL = "-Onone";
			};
			name = Debug;
		};
		4E2FC4A729AF96AE00D07AF7 /* Release */ = {
			isa = XCBuildConfiguration;
			buildSettings = {
				ALWAYS_SEARCH_USER_PATHS = NO;
				CLANG_ANALYZER_NONNULL = YES;
				CLANG_ANALYZER_NUMBER_OBJECT_CONVERSION = YES_AGGRESSIVE;
				CLANG_CXX_LANGUAGE_STANDARD = "gnu++17";
				CLANG_ENABLE_MODULES = YES;
				CLANG_ENABLE_OBJC_ARC = YES;
				CLANG_ENABLE_OBJC_WEAK = YES;
				CLANG_WARN_BLOCK_CAPTURE_AUTORELEASING = YES;
				CLANG_WARN_BOOL_CONVERSION = YES;
				CLANG_WARN_COMMA = YES;
				CLANG_WARN_CONSTANT_CONVERSION = YES;
				CLANG_WARN_DEPRECATED_OBJC_IMPLEMENTATIONS = YES;
				CLANG_WARN_DIRECT_OBJC_ISA_USAGE = YES_ERROR;
				CLANG_WARN_DOCUMENTATION_COMMENTS = YES;
				CLANG_WARN_EMPTY_BODY = YES;
				CLANG_WARN_ENUM_CONVERSION = YES;
				CLANG_WARN_INFINITE_RECURSION = YES;
				CLANG_WARN_INT_CONVERSION = YES;
				CLANG_WARN_NON_LITERAL_NULL_CONVERSION = YES;
				CLANG_WARN_OBJC_IMPLICIT_RETAIN_SELF = YES;
				CLANG_WARN_OBJC_LITERAL_CONVERSION = YES;
				CLANG_WARN_OBJC_ROOT_CLASS = YES_ERROR;
				CLANG_WARN_QUOTED_INCLUDE_IN_FRAMEWORK_HEADER = YES;
				CLANG_WARN_RANGE_LOOP_ANALYSIS = YES;
				CLANG_WARN_STRICT_PROTOTYPES = YES;
				CLANG_WARN_SUSPICIOUS_MOVE = YES;
				CLANG_WARN_UNGUARDED_AVAILABILITY = YES_AGGRESSIVE;
				CLANG_WARN_UNREACHABLE_CODE = YES;
				CLANG_WARN__DUPLICATE_METHOD_MATCH = YES;
				COPY_PHASE_STRIP = NO;
				DEBUG_INFORMATION_FORMAT = "dwarf-with-dsym";
				ENABLE_NS_ASSERTIONS = NO;
				ENABLE_STRICT_OBJC_MSGSEND = YES;
				GCC_C_LANGUAGE_STANDARD = gnu11;
				GCC_NO_COMMON_BLOCKS = YES;
				GCC_WARN_64_TO_32_BIT_CONVERSION = YES;
				GCC_WARN_ABOUT_RETURN_TYPE = YES_ERROR;
				GCC_WARN_UNDECLARED_SELECTOR = YES;
				GCC_WARN_UNINITIALIZED_AUTOS = YES_AGGRESSIVE;
				GCC_WARN_UNUSED_FUNCTION = YES;
				GCC_WARN_UNUSED_VARIABLE = YES;
				IPHONEOS_DEPLOYMENT_TARGET = 15.5;
				MTL_ENABLE_DEBUG_INFO = NO;
				MTL_FAST_MATH = YES;
				SDKROOT = iphoneos;
				SWIFT_COMPILATION_MODE = wholemodule;
				SWIFT_OPTIMIZATION_LEVEL = "-O";
				VALIDATE_PRODUCT = YES;
			};
			name = Release;
		};
		4E2FC4A929AF96AE00D07AF7 /* Debug */ = {
			isa = XCBuildConfiguration;
			baseConfigurationReference = E76571AAEAF3C6D491D2145B /* Pods-GroupPlanner.debug.xcconfig */;
			buildSettings = {
				ASSETCATALOG_COMPILER_APPICON_NAME = AppIcon;
				ASSETCATALOG_COMPILER_GLOBAL_ACCENT_COLOR_NAME = AccentColor;
				CODE_SIGN_STYLE = Automatic;
				CURRENT_PROJECT_VERSION = 1;
				DEVELOPMENT_ASSET_PATHS = "\"GroupPlanner/Preview Content\"";
				DEVELOPMENT_TEAM = Y9X76FS4N5;
				ENABLE_PREVIEWS = YES;
				GENERATE_INFOPLIST_FILE = YES;
				INFOPLIST_KEY_UIApplicationSceneManifest_Generation = YES;
				INFOPLIST_KEY_UIApplicationSupportsIndirectInputEvents = YES;
				INFOPLIST_KEY_UILaunchScreen_Generation = YES;
				INFOPLIST_KEY_UISupportedInterfaceOrientations_iPad = "UIInterfaceOrientationPortrait UIInterfaceOrientationPortraitUpsideDown UIInterfaceOrientationLandscapeLeft UIInterfaceOrientationLandscapeRight";
				INFOPLIST_KEY_UISupportedInterfaceOrientations_iPhone = "UIInterfaceOrientationPortrait UIInterfaceOrientationLandscapeLeft UIInterfaceOrientationLandscapeRight";
				LD_RUNPATH_SEARCH_PATHS = (
					"$(inherited)",
					"@executable_path/Frameworks",
				);
				MARKETING_VERSION = 1.0;
				PRODUCT_BUNDLE_IDENTIFIER = SerruyaCapital.GroupPlanner;
				PRODUCT_NAME = "$(TARGET_NAME)";
				SWIFT_EMIT_LOC_STRINGS = YES;
				SWIFT_VERSION = 5.0;
				TARGETED_DEVICE_FAMILY = "1,2";
			};
			name = Debug;
		};
		4E2FC4AA29AF96AE00D07AF7 /* Release */ = {
			isa = XCBuildConfiguration;
			baseConfigurationReference = B5C8D53E04AAB2EFCDE6AB64 /* Pods-GroupPlanner.release.xcconfig */;
			buildSettings = {
				ASSETCATALOG_COMPILER_APPICON_NAME = AppIcon;
				ASSETCATALOG_COMPILER_GLOBAL_ACCENT_COLOR_NAME = AccentColor;
				CODE_SIGN_STYLE = Automatic;
				CURRENT_PROJECT_VERSION = 1;
				DEVELOPMENT_ASSET_PATHS = "\"GroupPlanner/Preview Content\"";
				DEVELOPMENT_TEAM = Y9X76FS4N5;
				ENABLE_PREVIEWS = YES;
				GENERATE_INFOPLIST_FILE = YES;
				INFOPLIST_KEY_UIApplicationSceneManifest_Generation = YES;
				INFOPLIST_KEY_UIApplicationSupportsIndirectInputEvents = YES;
				INFOPLIST_KEY_UILaunchScreen_Generation = YES;
				INFOPLIST_KEY_UISupportedInterfaceOrientations_iPad = "UIInterfaceOrientationPortrait UIInterfaceOrientationPortraitUpsideDown UIInterfaceOrientationLandscapeLeft UIInterfaceOrientationLandscapeRight";
				INFOPLIST_KEY_UISupportedInterfaceOrientations_iPhone = "UIInterfaceOrientationPortrait UIInterfaceOrientationLandscapeLeft UIInterfaceOrientationLandscapeRight";
				LD_RUNPATH_SEARCH_PATHS = (
					"$(inherited)",
					"@executable_path/Frameworks",
				);
				MARKETING_VERSION = 1.0;
				PRODUCT_BUNDLE_IDENTIFIER = SerruyaCapital.GroupPlanner;
				PRODUCT_NAME = "$(TARGET_NAME)";
				SWIFT_EMIT_LOC_STRINGS = YES;
				SWIFT_VERSION = 5.0;
				TARGETED_DEVICE_FAMILY = "1,2";
			};
			name = Release;
		};
/* End XCBuildConfiguration section */

/* Begin XCConfigurationList section */
		4E2FC49529AF96AB00D07AF7 /* Build configuration list for PBXProject "GroupPlanner" */ = {
			isa = XCConfigurationList;
			buildConfigurations = (
				4E2FC4A629AF96AE00D07AF7 /* Debug */,
				4E2FC4A729AF96AE00D07AF7 /* Release */,
			);
			defaultConfigurationIsVisible = 0;
			defaultConfigurationName = Release;
		};
		4E2FC4A829AF96AE00D07AF7 /* Build configuration list for PBXNativeTarget "GroupPlanner" */ = {
			isa = XCConfigurationList;
			buildConfigurations = (
				4E2FC4A929AF96AE00D07AF7 /* Debug */,
				4E2FC4AA29AF96AE00D07AF7 /* Release */,
			);
			defaultConfigurationIsVisible = 0;
			defaultConfigurationName = Release;
		};
/* End XCConfigurationList section */
	};
	rootObject = 4E2FC49229AF96AB00D07AF7 /* Project object */;
}
